{
  "version": 4,
  "terraform_version": "1.7.5",
  "serial": 61,
  "lineage": "74cabbc9-e1c5-83e0-7137-50cd5690dca2",
  "outputs": {},
  "resources": [
    {
      "mode": "managed",
      "type": "github_branch_default",
      "name": "default",
      "provider": "provider[\"registry.terraform.io/integrations/github\"]",
      "instances": [
        {
          "schema_version": 0,
          "attributes": {
            "branch": "main",
            "etag": "W/\"979f27a6ac4a549bec33871181665912d7fe96c8d1420d8c05827531181b0aa4\"",
            "id": "aws-dev-repo",
            "rename": false,
            "repository": "aws-dev-repo"
          },
          "sensitive_attributes": [],
          "private": "bnVsbA==",
          "dependencies": [
            "github_repository.aws_repo"
          ]
        }
      ]
    },
    {
      "mode": "managed",
      "type": "github_repository",
      "name": "aws_repo",
      "provider": "provider[\"registry.terraform.io/integrations/github\"]",
      "instances": [
        {
          "schema_version": 1,
          "attributes": {
            "allow_auto_merge": false,
            "allow_merge_commit": true,
            "allow_rebase_merge": true,
            "allow_squash_merge": true,
            "allow_update_branch": false,
            "archive_on_destroy": null,
            "archived": false,
            "auto_init": true,
            "default_branch": "main",
            "delete_branch_on_merge": false,
            "description": "VPC and compute resources.",
            "etag": "W/\"979f27a6ac4a549bec33871181665912d7fe96c8d1420d8c05827531181b0aa4\"",
            "full_name": "3210snoop3210/aws-dev-repo",
            "git_clone_url": "git://github.com/3210snoop3210/aws-dev-repo.git",
            "gitignore_template": null,
            "has_discussions": false,
            "has_downloads": false,
            "has_issues": false,
            "has_projects": false,
            "has_wiki": false,
            "homepage_url": "",
            "html_url": "https://github.com/3210snoop3210/aws-dev-repo",
            "http_clone_url": "https://github.com/3210snoop3210/aws-dev-repo.git",
            "id": "aws-dev-repo",
            "ignore_vulnerability_alerts_during_read": null,
            "is_template": false,
            "license_template": "mit",
            "merge_commit_message": "PR_TITLE",
            "merge_commit_title": "MERGE_MESSAGE",
            "name": "aws-dev-repo",
            "node_id": "R_kgDOLucjOw",
            "pages": [],
            "primary_language": "",
            "private": true,
            "repo_id": 786899771,
            "security_and_analysis": [],
            "squash_merge_commit_message": "COMMIT_MESSAGES",
            "squash_merge_commit_title": "COMMIT_OR_PR_TITLE",
            "ssh_clone_url": "git@github.com:3210snoop3210/aws-dev-repo.git",
            "svn_url": "https://github.com/3210snoop3210/aws-dev-repo",
            "template": [],
            "topics": [],
            "visibility": "private",
            "vulnerability_alerts": false,
            "web_commit_signoff_required": false
          },
          "sensitive_attributes": [],
          "private": "eyJzY2hlbWFfdmVyc2lvbiI6IjEifQ=="
        }
      ]
    },
    {
      "mode": "managed",
      "type": "github_repository_file",
      "name": "maintf",
      "provider": "provider[\"registry.terraform.io/integrations/github\"]",
      "instances": [
        {
          "schema_version": 0,
          "attributes": {
            "branch": "main",
            "commit_author": "3210snoop3210",
            "commit_email": "3210snoop3210@gmail.com",
            "commit_message": "Manage by Terrraf",
            "commit_sha": "3134239daa26c710c8b994d5597b327162018245",
            "content": "module \"compute\" {\n  source  = \"app.terraform.io/margarita30062001/compute/aws\"\n  version = \"1.0.0\"\n\n  aws_region          = \"us-east-1\"\n  public_key_material = \"ssh-rsa AAAAB3NzaC1yc2EAAAADAQABAAABgQC/gcwRSkBicQP5ONJ0tgS1uH9XP40TCkINF0UWTjri0cJsm+DgD0jIKGIiRl3N/dP24qgm2Q+q8FkQgXOnuD1Ybupl6R1yGVeEorrkMDFn7SCSTy9aQmIZK1yXCjmnQ1eb3tE1IVkEN6XKpyh39usvZ2/rECnT+laBI6Jk6vvBcuIAPAInP6Q54mDqotSbrbbbLZ2gXR98+5crkz/+qlJCwbmxvNftRY7hRIrNjJRywBiHL/vPhUBuvVYM5VL9GDZkkXbKCAxTPBSuwCQ5TqmzNJn1475e5/GistcSYVoXWJ33IMTu47TYQgG02byseVc8TBmNeGOiMTnZWbS3r1s7lI22wdIYiIKeJ6mYXTIt1E1TmPoUTFTSCEyO77V5edop0dW8zmHT6mo5IdFT0pO3HwVJtukQurxdGHTFc+RPTMHU+HsAzJ6DCeDLYq2Eiy72lNi8pPG1jxTL3oic4Hhasdo2Tfuhe6Cb2Q08oBZE+lpXzZuGR7lMZSdID9R498k= ec2-user@ip-172-31-35-237.ec2.internal\"\n  public_sg           = module.networking.public_sg\n  public_subnets      = module.networking.public_subnets\n}\n\nmodule \"networking\" {\n  source  = \"app.terraform.io/margarita30062001/networking/aws\"\n  version = \"1.0.0\"\n\n  access_ip  = \"0.0.0.0/0\"\n  aws_region = \"us-east-1\"\n}",
            "file": "main.tf",
            "id": "aws-dev-repo/main.tf",
            "overwrite_on_create": true,
            "ref": "main",
            "repository": "aws-dev-repo",
            "sha": "ea1fc6d867db63db8ea16466863464c418b33a64"
          },
          "sensitive_attributes": [],
          "private": "bnVsbA==",
          "dependencies": [
            "github_repository.aws_repo"
          ]
        }
      ]
    },
    {
      "mode": "managed",
      "type": "tfe_oauth_client",
      "name": "aws_oauth",
      "provider": "provider[\"registry.terraform.io/hashicorp/tfe\"]",
      "instances": [
        {
          "schema_version": 0,
          "attributes": {
            "api_url": "https://api.github.com",
            "http_url": "https://github.com",
            "id": "oc-NkS9g3qo2UDL5b4r",
            "key": null,
            "name": null,
            "oauth_token_id": "ot-PJnzr4t2AW7VGWZe",
            "organization": "margarita30062001",
            "private_key": null,
            "rsa_public_key": null,
            "secret": null,
            "service_provider": "github"
          },
          "sensitive_attributes": [],
          "private": "bnVsbA=="
        }
      ]
    },
    {
      "mode": "managed",
      "type": "tfe_variable",
      "name": "aws_creds",
      "provider": "provider[\"registry.terraform.io/hashicorp/tfe\"]",
      "instances": [
        {
          "schema_version": 1,
          "attributes": {
            "category": "env",
            "description": "aws creds.",
            "hcl": false,
            "id": "var-uSYQk9B378ZoUifS",
            "readable_value": null,
            "sensitive": true,
            "variable_set_id": null,
            "workspace_id": "ws-qgbd7ShyNNZDgy2k"
          },
          "sensitive_attributes": [],
          "dependencies": [
            "github_repository.aws_repo",
            "tfe_oauth_client.aws_oauth",
            "tfe_workspace.aws_workspace"
          ]
        },
        {
          "schema_version": 1,
          "attributes": {
            "category": "env",
            "description": "aws creds.",
            "hcl": false,
            "id": "var-uAU1jrStkGAc9Eai",
            "readable_value": null,
            "sensitive": true,
            "variable_set_id": null,
            "workspace_id": "ws-qgbd7ShyNNZDgy2k"
          },
          "sensitive_attributes": [],
          "dependencies": [
            "github_repository.aws_repo",
            "tfe_oauth_client.aws_oauth",
            "tfe_workspace.aws_workspace"
          ]
        }
      ]
    },
    {
      "mode": "managed",
      "type": "tfe_workspace",
      "name": "aws_workspace",
      "provider": "provider[\"registry.terraform.io/hashicorp/tfe\"]",
      "instances": [
        {
          "schema_version": 1,
          "attributes": {
            "agent_pool_id": "",
            "allow_destroy_plan": true,
            "assessments_enabled": false,
            "auto_apply": false,
            "auto_apply_run_trigger": false,
            "description": "",
            "execution_mode": "remote",
            "file_triggers_enabled": true,
            "force_delete": true,
            "global_remote_state": false,
            "html_url": "https://app.terraform.io/app/margarita30062001/workspaces/aws-dev-repo",
            "id": "ws-qgbd7ShyNNZDgy2k",
            "ignore_additional_tag_names": null,
            "name": "aws-dev-repo",
            "operations": true,
            "organization": "margarita30062001",
            "project_id": "prj-AyxCHtp8SAPdn6eu",
            "queue_all_runs": true,
            "remote_state_consumer_ids": [],
            "resource_count": 0,
            "source_name": "",
            "source_url": "",
            "speculative_enabled": true,
            "ssh_key_id": "",
            "structured_run_output_enabled": true,
            "tag_names": [],
            "terraform_version": "1.8.0",
            "trigger_patterns": null,
            "trigger_prefixes": null,
            "vcs_repo": [
              {
                "branch": "",
                "github_app_installation_id": "",
                "identifier": "3210snoop3210/aws-dev-repo",
                "ingress_submodules": false,
                "oauth_token_id": "ot-PJnzr4t2AW7VGWZe",
                "tags_regex": ""
              }
            ],
            "working_directory": ""
          },
          "sensitive_attributes": [],
          "private": "eyJzY2hlbWFfdmVyc2lvbiI6IjEifQ==",
          "dependencies": [
            "github_repository.aws_repo",
            "tfe_oauth_client.aws_oauth"
          ]
        }
      ]
    }
  ],
  "check_results": null
}
